
Microsoft Visual Studio Solution File, Format Version 12.00
# Visual Studio Version 17
VisualStudioVersion = 17.6.33723.286
MinimumVisualStudioVersion = 10.0.40219.1
Project("{FAE04EC0-301F-11D3-BF4B-00C04F79EFBC}") = "Academico", "Academico\Academico.csproj", "{3AEE9371-2D74-43DF-AFD1-641212C723DF}"
EndProject
Global
	GlobalSection(SolutionConfigurationPlatforms) = preSolution
		Debug|Any CPU = Debug|Any CPU
		Release|Any CPU = Release|Any CPU
	EndGlobalSection
	GlobalSection(ProjectConfigurationPlatforms) = postSolution
		{3AEE9371-2D74-43DF-AFD1-641212C723DF}.Debug|Any CPU.ActiveCfg = Debug|Any CPU
		{3AEE9371-2D74-43DF-AFD1-641212C723DF}.Debug|Any CPU.Build.0 = Debug|Any CPU
		{3AEE9371-2D74-43DF-AFD1-641212C723DF}.Release|Any CPU.ActiveCfg = Release|Any CPU
		{3AEE9371-2D74-43DF-AFD1-641212C723DF}.Release|Any CPU.Build.0 = Release|Any CPU
	EndGlobalSection
	GlobalSection(SolutionProperties) = preSolution
		HideSolutionNode = FALSE
	EndGlobalSection
	GlobalSection(ExtensibilityGlobals) = postSolution
		SolutionGuid = {4461511F-499C-4C4E-809C-A64308F8DE54}
	EndGlobalSection
EndGlobal
